
Microsoft Visual Studio Solution File, Format Version 12.00
# Visual Studio Version 17
VisualStudioVersion = 17.5.002.0
MinimumVisualStudioVersion = 10.0.40219.1
Project("{9A19103F-16F7-4668-BE54-9A1E7A4F7556}") = "MyInsuranceApi", "MyInsuranceApi.csproj", "{72CD1194-A833-4EAB-B5FC-180677C041CF}"
EndProject
Global
	GlobalSection(SolutionConfigurationPlatforms) = preSolution
		Debug|Any CPU = Debug|Any CPU
		Release|Any CPU = Release|Any CPU
	EndGlobalSection
	GlobalSection(ProjectConfigurationPlatforms) = postSolution
		{72CD1194-A833-4EAB-B5FC-180677C041CF}.Debug|Any CPU.ActiveCfg = Debug|Any CPU
		{72CD1194-A833-4EAB-B5FC-180677C041CF}.Debug|Any CPU.Build.0 = Debug|Any CPU
		{72CD1194-A833-4EAB-B5FC-180677C041CF}.Release|Any CPU.ActiveCfg = Release|Any CPU
		{72CD1194-A833-4EAB-B5FC-180677C041CF}.Release|Any CPU.Build.0 = Release|Any CPU
	EndGlobalSection
	GlobalSection(SolutionProperties) = preSolution
		HideSolutionNode = FALSE
	EndGlobalSection
	GlobalSection(ExtensibilityGlobals) = postSolution
		SolutionGuid = {97AE1E43-044A-45C4-9FB3-C6AE9B328B58}
	EndGlobalSection
EndGlobal
